// !$*UTF8*$!
{
	archiveVersion = 1;
	classes = {
	};
	objectVersion = 46;
	objects = {

/* Begin PBXBuildFile section */
		800602371311D44D00943715 /* main.c in Sources */ = {isa = PBXBuildFile; fileRef = 800602361311D44D00943715 /* main.c */; };
/* End PBXBuildFile section */

/* Begin PBXCopyFilesBuildPhase section */
		800602301311D44D00943715 /* CopyFiles */ = {
			isa = PBXCopyFilesBuildPhase;
			buildActionMask = 2147483647;
			dstPath = /usr/share/man/man1/;
			dstSubfolderSpec = 0;
			files = (
			);
			runOnlyForDeploymentPostprocessing = 1;
		};
/* End PBXCopyFilesBuildPhase section */

/* Begin PBXFileReference section */
		800602321311D44D00943715 /* notes */ = {isa = PBXFileReference; explicitFileType = "compiled.mach-o.executable"; includeInIndex = 0; path = notes; sourceTree = BUILT_PRODUCTS_DIR; };
		800602361311D44D00943715 /* main.c */ = {isa = PBXFileReference; lastKnownFileType = sourcecode.c.c; path = main.c; sourceTree = "<group>"; };
		800602381311D44D00943715 /* notes.1 */ = {isa = PBXFileReference; lastKnownFileType = text.man; path = notes.1; sourceTree = "<group>"; };
/* End PBXFileReference section */

/* Begin PBXFrameworksBuildPhase section */
		8006022F1311D44D00943715 /* Frameworks */ = {
			isa = PBXFrameworksBuildPhase;
			buildActionMask = 2147483647;
			files = (
			);
			runOnlyForDeploymentPostprocessing = 0;
		};
/* End PBXFrameworksBuildPhase section */

/* Begin PBXGroup section */
		800602271311D44D00943715 = {
			isa = PBXGroup;
			children = (
				800602351311D44D00943715 /* notes */,
				800602331311D44D00943715 /* Products */,
			);
			sourceTree = "<group>";
		};
		800602331311D44D00943715 /* Products */ = {
			isa = PBXGroup;
			children = (
				800602321311D44D00943715 /* notes */,
			);
			name = Products;
			sourceTree = "<group>";
		};
		800602351311D44D00943715 /* notes */ = {
			isa = PBXGroup;
			children = (
				800602361311D44D00943715 /* main.c */,
				800602381311D44D00943715 /* notes.1 */,
			);
			path = notes;
			sourceTree = "<group>";
		};
/* End PBXGroup section */

/* Begin PBXNativeTarget section */
		800602311311D44D00943715 /* notes */ = {
			isa = PBXNativeTarget;
			buildConfigurationList = 8006023B1311D44D00943715 /* Build configuration list for PBXNativeTarget "notes" */;
			buildPhases = (
				8006022E1311D44D00943715 /* Sources */,
				8006022F1311D44D00943715 /* Frameworks */,
				800602301311D44D00943715 /* CopyFiles */,
			);
			buildRules = (
			);
			dependencies = (
			);
			name = notes;
			productName = notes;
			productReference = 800602321311D44D00943715 /* notes */;
			productType = "com.apple.product-type.tool";
		};
/* End PBXNativeTarget section */

/* Begin PBXProject section */
		800602291311D44D00943715 /* Project object */ = {
			isa = PBXProject;
			attributes = {
				ORGANIZATIONNAME = UPenn;
			};
			buildConfigurationList = 8006022C1311D44D00943715 /* Build configuration list for PBXProject "notes" */;
			compatibilityVersion = "Xcode 3.2";
			developmentRegion = English;
			hasScannedForEncodings = 0;
			knownRegions = (
				en,
			);
			mainGroup = 800602271311D44D00943715;
			productRefGroup = 800602331311D44D00943715 /* Products */;
			projectDirPath = "";
			projectRoot = "";
			targets = (
				800602311311D44D00943715 /* notes */,
			);
		};
/* End PBXProject section */

/* Begin PBXSourcesBuildPhase section */
		8006022E1311D44D00943715 /* Sources */ = {
			isa = PBXSourcesBuildPhase;
			buildActionMask = 2147483647;
			files = (
				800602371311D44D00943715 /* main.c in Sources */,
			);
			runOnlyForDeploymentPostprocessing = 0;
		};
/* End PBXSourcesBuildPhase section */

/* Begin XCBuildConfiguration section */
		800602391311D44D00943715 /* Debug */ = {
			isa = XCBuildConfiguration;
			buildSettings = {
				ARCHS = "$(ARCHS_STANDARD_32_64_BIT)";
				GCC_C_LANGUAGE_STANDARD = gnu99;
				GCC_OPTIMIZATION_LEVEL = 0;
				GCC_PREPROCESSOR_DEFINITIONS = DEBUG;
				GCC_VERSION = com.apple.compilers.llvm.clang.1_0;
				GCC_WARN_64_TO_32_BIT_CONVERSION = YES;
				GCC_WARN_ABOUT_RETURN_TYPE = YES;
				GCC_WARN_UNUSED_VARIABLE = YES;
				MACOSX_DEPLOYMENT_TARGET = 10.6;
				ONLY_ACTIVE_ARCH = YES;
				SDKROOT = macosx;
			};
			name = Debug;
		};
		8006023A1311D44D00943715 /* Release */ = {
			isa = XCBuildConfiguration;
			buildSettings = {
				ARCHS = "$(ARCHS_STANDARD_32_64_BIT)";
				GCC_C_LANGUAGE_STANDARD = gnu99;
				GCC_VERSION = com.apple.compilers.llvm.clang.1_0;
				GCC_WARN_64_TO_32_BIT_CONVERSION = YES;
				GCC_WARN_ABOUT_RETURN_TYPE = YES;
				GCC_WARN_UNUSED_VARIABLE = YES;
				MACOSX_DEPLOYMENT_TARGET = 10.6;
				SDKROOT = macosx;
			};
			name = Release;
		};
		8006023C1311D44D00943715 /* Debug */ = {
			isa = XCBuildConfiguration;
			buildSettings = {
				ALWAYS_SEARCH_USER_PATHS = NO;
				COPY_PHASE_STRIP = NO;
				GCC_DYNAMIC_NO_PIC = NO;
				GCC_ENABLE_OBJC_EXCEPTIONS = YES;
				PRODUCT_NAME = "$(TARGET_NAME)";
			};
			name = Debug;
		};
		8006023D1311D44D00943715 /* Release */ = {
			isa = XCBuildConfiguration;
			buildSettings = {
				ALWAYS_SEARCH_USER_PATHS = NO;
				COPY_PHASE_STRIP = YES;
				DEBUG_INFORMATION_FORMAT = "dwarf-with-dsym";
				GCC_ENABLE_OBJC_EXCEPTIONS = YES;
				PRODUCT_NAME = "$(TARGET_NAME)";
			};
			name = Release;
		};
/* End XCBuildConfiguration section */

/* Begin XCConfigurationList section */
		8006022C1311D44D00943715 /* Build configuration list for PBXProject "notes" */ = {
			isa = XCConfigurationList;
			buildConfigurations = (
				800602391311D44D00943715 /* Debug */,
				8006023A1311D44D00943715 /* Release */,
			);
			defaultConfigurationIsVisible = 0;
			defaultConfigurationName = Release;
		};
		8006023B1311D44D00943715 /* Build configuration list for PBXNativeTarget "notes" */ = {
			isa = XCConfigurationList;
			buildConfigurations = (
				8006023C1311D44D00943715 /* Debug */,
				8006023D1311D44D00943715 /* Release */,
			);
			defaultConfigurationIsVisible = 0;
		};
/* End XCConfigurationList section */
	};
	rootObject = 800602291311D44D00943715 /* Project object */;
}
